
Microsoft Visual Studio Solution File, Format Version 12.00
# Visual Studio Version 17
VisualStudioVersion = 17.12.35514.174
MinimumVisualStudioVersion = 10.0.40219.1
Project("{FAE04EC0-301F-11D3-BF4B-00C04F79EFBC}") = "EduOne", "EduOne\EduOne.csproj", "{9CE5C0CF-AED5-42E1-830D-297DD197D9A5}"
EndProject
Project("{FAE04EC0-301F-11D3-BF4B-00C04F79EFBC}") = "EduOne.Data", "..\EduOne.Data\EduOne.Data.csproj", "{9D892D86-7685-4E7B-94E5-C9A8D82B33AF}"
EndProject
Project("{FAE04EC0-301F-11D3-BF4B-00C04F79EFBC}") = "EduOne.Repositories", "..\EduOne.Repositories\EduOne.Repositories.csproj", "{A05FFFBB-F15A-45FE-B284-F587DFCE31A9}"
EndProject
Project("{FAE04EC0-301F-11D3-BF4B-00C04F79EFBC}") = "EduOne.Fr.RestServices", "..\EduOne.Fr.RestServices\EduOne.Fr.RestServices.csproj", "{559B89D1-A084-4D0F-B5B0-983EF0648790}"
EndProject
Project("{FAE04EC0-301F-11D3-BF4B-00C04F79EFBC}") = "EduOne.Fr.IntegrationTests", "..\Tests\EduOne.Fr.IntegrationTests\EduOne.Fr.IntegrationTests.csproj", "{9328E444-1694-4249-A2DE-68EDA467B940}"
EndProject
Project("{FAE04EC0-301F-11D3-BF4B-00C04F79EFBC}") = "Q438265", "..\..\..\..\..\..\Users\Abibou\Downloads\Compressed\dxSample\Q438265\Q438265.csproj", "{33C7D74E-50B7-49D8-AA4F-DAFB04B4FB95}"
EndProject
Project("{FAE04EC0-301F-11D3-BF4B-00C04F79EFBC}") = "EduOne.Fr.Logging", "..\EduOne.Fr.Logging\EduOne.Fr.Logging.csproj", "{7657A843-DD04-486F-BA94-D7394716A9CD}"
EndProject
Project("{FAE04EC0-301F-11D3-BF4B-00C04F79EFBC}") = "EduOne.AppHost", "..\EduOne.AppHost\EduOne.AppHost.csproj", "{DCB1AEE0-988A-45A5-8840-5CC5661903DC}"
EndProject
Project("{FAE04EC0-301F-11D3-BF4B-00C04F79EFBC}") = "EduOne.ServiceDefaults", "..\EduOne.ServiceDefaults\EduOne.ServiceDefaults.csproj", "{1A444355-2F0F-4D35-B417-285B56CA8962}"
EndProject
Project("{FAE04EC0-301F-11D3-BF4B-00C04F79EFBC}") = "WebIdentityApp", "..\..\..\..\..\..\Users\Abibou\source\repos\WebIdentityApp\WebIdentityApp.csproj", "{FC4BE453-40A0-4383-A036-3E18D0E5038B}"
EndProject
Project("{FAE04EC0-301F-11D3-BF4B-00C04F79EFBC}") = "Eduone.Fr.Data", "..\Eduone.Fr.Data\Eduone.Fr.Data.csproj", "{BD8EFD2B-80C4-49C2-91E3-E34FFCAD5969}"
EndProject
Project("{FAE04EC0-301F-11D3-BF4B-00C04F79EFBC}") = "DockingDemo", "..\..\..\..\..\..\Users\Public\Documents\DevExpress Demos 23.1\Components\WinForms\CS\DockingDemo\DockingDemo.csproj", "{31C226BA-C247-470D-95B6-AD7AFEC3A561}"
EndProject
Project("{FAE04EC0-301F-11D3-BF4B-00C04F79EFBC}") = "DevExpressVSDemo", "..\..\..\..\..\..\Users\Abibou\source\repos\DevExpressVSDemo\DevExpressVSDemo.csproj", "{01D61FB5-F17F-4176-B534-B353DAB95C0B}"
EndProject
Global
	GlobalSection(SolutionConfigurationPlatforms) = preSolution
		Debug|Any CPU = Debug|Any CPU
		Release|Any CPU = Release|Any CPU
	EndGlobalSection
	GlobalSection(ProjectConfigurationPlatforms) = postSolution
		{9CE5C0CF-AED5-42E1-830D-297DD197D9A5}.Debug|Any CPU.ActiveCfg = Debug|Any CPU
		{9CE5C0CF-AED5-42E1-830D-297DD197D9A5}.Debug|Any CPU.Build.0 = Debug|Any CPU
		{9CE5C0CF-AED5-42E1-830D-297DD197D9A5}.Release|Any CPU.ActiveCfg = Release|Any CPU
		{9CE5C0CF-AED5-42E1-830D-297DD197D9A5}.Release|Any CPU.Build.0 = Release|Any CPU
		{9D892D86-7685-4E7B-94E5-C9A8D82B33AF}.Debug|Any CPU.ActiveCfg = Debug|Any CPU
		{9D892D86-7685-4E7B-94E5-C9A8D82B33AF}.Debug|Any CPU.Build.0 = Debug|Any CPU
		{9D892D86-7685-4E7B-94E5-C9A8D82B33AF}.Release|Any CPU.ActiveCfg = Release|Any CPU
		{9D892D86-7685-4E7B-94E5-C9A8D82B33AF}.Release|Any CPU.Build.0 = Release|Any CPU
		{A05FFFBB-F15A-45FE-B284-F587DFCE31A9}.Debug|Any CPU.ActiveCfg = Debug|Any CPU
		{A05FFFBB-F15A-45FE-B284-F587DFCE31A9}.Debug|Any CPU.Build.0 = Debug|Any CPU
		{A05FFFBB-F15A-45FE-B284-F587DFCE31A9}.Release|Any CPU.ActiveCfg = Release|Any CPU
		{A05FFFBB-F15A-45FE-B284-F587DFCE31A9}.Release|Any CPU.Build.0 = Release|Any CPU
		{559B89D1-A084-4D0F-B5B0-983EF0648790}.Debug|Any CPU.ActiveCfg = Debug|Any CPU
		{559B89D1-A084-4D0F-B5B0-983EF0648790}.Debug|Any CPU.Build.0 = Debug|Any CPU
		{559B89D1-A084-4D0F-B5B0-983EF0648790}.Release|Any CPU.ActiveCfg = Release|Any CPU
		{559B89D1-A084-4D0F-B5B0-983EF0648790}.Release|Any CPU.Build.0 = Release|Any CPU
		{9328E444-1694-4249-A2DE-68EDA467B940}.Debug|Any CPU.ActiveCfg = Debug|Any CPU
		{9328E444-1694-4249-A2DE-68EDA467B940}.Debug|Any CPU.Build.0 = Debug|Any CPU
		{9328E444-1694-4249-A2DE-68EDA467B940}.Release|Any CPU.ActiveCfg = Release|Any CPU
		{9328E444-1694-4249-A2DE-68EDA467B940}.Release|Any CPU.Build.0 = Release|Any CPU
		{33C7D74E-50B7-49D8-AA4F-DAFB04B4FB95}.Debug|Any CPU.ActiveCfg = Debug|x86
		{33C7D74E-50B7-49D8-AA4F-DAFB04B4FB95}.Debug|Any CPU.Build.0 = Debug|x86
		{33C7D74E-50B7-49D8-AA4F-DAFB04B4FB95}.Release|Any CPU.ActiveCfg = Release|x86
		{33C7D74E-50B7-49D8-AA4F-DAFB04B4FB95}.Release|Any CPU.Build.0 = Release|x86
		{7657A843-DD04-486F-BA94-D7394716A9CD}.Debug|Any CPU.ActiveCfg = Debug|Any CPU
		{7657A843-DD04-486F-BA94-D7394716A9CD}.Debug|Any CPU.Build.0 = Debug|Any CPU
		{7657A843-DD04-486F-BA94-D7394716A9CD}.Release|Any CPU.ActiveCfg = Release|Any CPU
		{7657A843-DD04-486F-BA94-D7394716A9CD}.Release|Any CPU.Build.0 = Release|Any CPU
		{DCB1AEE0-988A-45A5-8840-5CC5661903DC}.Debug|Any CPU.ActiveCfg = Debug|Any CPU
		{DCB1AEE0-988A-45A5-8840-5CC5661903DC}.Debug|Any CPU.Build.0 = Debug|Any CPU
		{DCB1AEE0-988A-45A5-8840-5CC5661903DC}.Release|Any CPU.ActiveCfg = Release|Any CPU
		{DCB1AEE0-988A-45A5-8840-5CC5661903DC}.Release|Any CPU.Build.0 = Release|Any CPU
		{1A444355-2F0F-4D35-B417-285B56CA8962}.Debug|Any CPU.ActiveCfg = Debug|Any CPU
		{1A444355-2F0F-4D35-B417-285B56CA8962}.Debug|Any CPU.Build.0 = Debug|Any CPU
		{1A444355-2F0F-4D35-B417-285B56CA8962}.Release|Any CPU.ActiveCfg = Release|Any CPU
		{1A444355-2F0F-4D35-B417-285B56CA8962}.Release|Any CPU.Build.0 = Release|Any CPU
		{FC4BE453-40A0-4383-A036-3E18D0E5038B}.Debug|Any CPU.ActiveCfg = Debug|Any CPU
		{FC4BE453-40A0-4383-A036-3E18D0E5038B}.Debug|Any CPU.Build.0 = Debug|Any CPU
		{FC4BE453-40A0-4383-A036-3E18D0E5038B}.Release|Any CPU.ActiveCfg = Release|Any CPU
		{FC4BE453-40A0-4383-A036-3E18D0E5038B}.Release|Any CPU.Build.0 = Release|Any CPU
		{BD8EFD2B-80C4-49C2-91E3-E34FFCAD5969}.Debug|Any CPU.ActiveCfg = Debug|Any CPU
		{BD8EFD2B-80C4-49C2-91E3-E34FFCAD5969}.Debug|Any CPU.Build.0 = Debug|Any CPU
		{BD8EFD2B-80C4-49C2-91E3-E34FFCAD5969}.Release|Any CPU.ActiveCfg = Release|Any CPU
		{BD8EFD2B-80C4-49C2-91E3-E34FFCAD5969}.Release|Any CPU.Build.0 = Release|Any CPU
		{31C226BA-C247-470D-95B6-AD7AFEC3A561}.Debug|Any CPU.ActiveCfg = Debug|Any CPU
		{31C226BA-C247-470D-95B6-AD7AFEC3A561}.Debug|Any CPU.Build.0 = Debug|Any CPU
		{31C226BA-C247-470D-95B6-AD7AFEC3A561}.Release|Any CPU.ActiveCfg = Release|Any CPU
		{31C226BA-C247-470D-95B6-AD7AFEC3A561}.Release|Any CPU.Build.0 = Release|Any CPU
		{01D61FB5-F17F-4176-B534-B353DAB95C0B}.Debug|Any CPU.ActiveCfg = Debug|Any CPU
		{01D61FB5-F17F-4176-B534-B353DAB95C0B}.Debug|Any CPU.Build.0 = Debug|Any CPU
		{01D61FB5-F17F-4176-B534-B353DAB95C0B}.Release|Any CPU.ActiveCfg = Release|Any CPU
		{01D61FB5-F17F-4176-B534-B353DAB95C0B}.Release|Any CPU.Build.0 = Release|Any CPU
	EndGlobalSection
	GlobalSection(SolutionProperties) = preSolution
		HideSolutionNode = FALSE
	EndGlobalSection
	GlobalSection(ExtensibilityGlobals) = postSolution
		SolutionGuid = {68B04D2C-D6C3-403E-9928-D9FBA4855FE0}
	EndGlobalSection
EndGlobal
